
Microsoft Visual Studio Solution File, Format Version 11.00
# Visual Studio 2010
Project("{FAE04EC0-301F-11D3-BF4B-00C04F79EFBC}") = "ConsoleApplication1", "ConsoleApplication1\ConsoleApplication1.csproj", "{A103B880-BB15-457A-84D7-34F3523D1EC6}"
EndProject
Project("{FAE04EC0-301F-11D3-BF4B-00C04F79EFBC}") = "ListeningForNOTIFY", "IPMulticasting\ListeningForNOTIFY.csproj", "{AF842298-2AF5-4DA9-A9BB-620BA4195FF3}"
EndProject
Project("{FAE04EC0-301F-11D3-BF4B-00C04F79EFBC}") = "SendingMSEARCH", "SendingMSEARCH\SendingMSEARCH.csproj", "{6B453665-D8B8-4959-B107-A573054D2B31}"
EndProject
Project("{FAE04EC0-301F-11D3-BF4B-00C04F79EFBC}") = "MediaRendererDemo", "MediaRendererDemo\MediaRendererDemo.csproj", "{58024A8C-5EF8-435F-9A98-E1B7B93B2055}"
EndProject
Project("{FAE04EC0-301F-11D3-BF4B-00C04F79EFBC}") = "HttpServer80", "HttpServer80\HttpServer80.csproj", "{27F138E2-3369-4DAA-A332-3C1FCE87EEB4}"
EndProject
Project("{FAE04EC0-301F-11D3-BF4B-00C04F79EFBC}") = "ParsingDeviceRootXML", "ParsingDeviceRootXML\ParsingDeviceRootXML.csproj", "{6D18BC01-1FA9-46C5-909F-10A309E391CB}"
EndProject
Project("{FAE04EC0-301F-11D3-BF4B-00C04F79EFBC}") = "ParsingSCPD", "ParsingSCPD\ParsingSCPD.csproj", "{E6AFAF8E-DEF4-422F-86D7-923AC7EEF981}"
EndProject
Global
	GlobalSection(SolutionConfigurationPlatforms) = preSolution
		Debug|Any CPU = Debug|Any CPU
		Debug|Mixed Platforms = Debug|Mixed Platforms
		Debug|Win32 = Debug|Win32
		Debug|x86 = Debug|x86
		Release|Any CPU = Release|Any CPU
		Release|Mixed Platforms = Release|Mixed Platforms
		Release|Win32 = Release|Win32
		Release|x86 = Release|x86
	EndGlobalSection
	GlobalSection(ProjectConfigurationPlatforms) = postSolution
		{A103B880-BB15-457A-84D7-34F3523D1EC6}.Debug|Any CPU.ActiveCfg = Debug|Any CPU
		{A103B880-BB15-457A-84D7-34F3523D1EC6}.Debug|Any CPU.Build.0 = Debug|Any CPU
		{A103B880-BB15-457A-84D7-34F3523D1EC6}.Debug|Mixed Platforms.ActiveCfg = Debug|Any CPU
		{A103B880-BB15-457A-84D7-34F3523D1EC6}.Debug|Mixed Platforms.Build.0 = Debug|Any CPU
		{A103B880-BB15-457A-84D7-34F3523D1EC6}.Debug|Win32.ActiveCfg = Debug|Any CPU
		{A103B880-BB15-457A-84D7-34F3523D1EC6}.Debug|x86.ActiveCfg = Debug|Any CPU
		{A103B880-BB15-457A-84D7-34F3523D1EC6}.Release|Any CPU.ActiveCfg = Release|Any CPU
		{A103B880-BB15-457A-84D7-34F3523D1EC6}.Release|Any CPU.Build.0 = Release|Any CPU
		{A103B880-BB15-457A-84D7-34F3523D1EC6}.Release|Mixed Platforms.ActiveCfg = Release|Any CPU
		{A103B880-BB15-457A-84D7-34F3523D1EC6}.Release|Mixed Platforms.Build.0 = Release|Any CPU
		{A103B880-BB15-457A-84D7-34F3523D1EC6}.Release|Win32.ActiveCfg = Release|Any CPU
		{A103B880-BB15-457A-84D7-34F3523D1EC6}.Release|x86.ActiveCfg = Release|Any CPU
		{AF842298-2AF5-4DA9-A9BB-620BA4195FF3}.Debug|Any CPU.ActiveCfg = Debug|x86
		{AF842298-2AF5-4DA9-A9BB-620BA4195FF3}.Debug|Mixed Platforms.ActiveCfg = Debug|x86
		{AF842298-2AF5-4DA9-A9BB-620BA4195FF3}.Debug|Mixed Platforms.Build.0 = Debug|x86
		{AF842298-2AF5-4DA9-A9BB-620BA4195FF3}.Debug|Win32.ActiveCfg = Debug|x86
		{AF842298-2AF5-4DA9-A9BB-620BA4195FF3}.Debug|x86.ActiveCfg = Debug|x86
		{AF842298-2AF5-4DA9-A9BB-620BA4195FF3}.Debug|x86.Build.0 = Debug|x86
		{AF842298-2AF5-4DA9-A9BB-620BA4195FF3}.Release|Any CPU.ActiveCfg = Release|x86
		{AF842298-2AF5-4DA9-A9BB-620BA4195FF3}.Release|Mixed Platforms.ActiveCfg = Release|x86
		{AF842298-2AF5-4DA9-A9BB-620BA4195FF3}.Release|Mixed Platforms.Build.0 = Release|x86
		{AF842298-2AF5-4DA9-A9BB-620BA4195FF3}.Release|Win32.ActiveCfg = Release|x86
		{AF842298-2AF5-4DA9-A9BB-620BA4195FF3}.Release|x86.ActiveCfg = Release|x86
		{AF842298-2AF5-4DA9-A9BB-620BA4195FF3}.Release|x86.Build.0 = Release|x86
		{6B453665-D8B8-4959-B107-A573054D2B31}.Debug|Any CPU.ActiveCfg = Debug|x86
		{6B453665-D8B8-4959-B107-A573054D2B31}.Debug|Mixed Platforms.ActiveCfg = Debug|x86
		{6B453665-D8B8-4959-B107-A573054D2B31}.Debug|Mixed Platforms.Build.0 = Debug|x86
		{6B453665-D8B8-4959-B107-A573054D2B31}.Debug|Win32.ActiveCfg = Debug|x86
		{6B453665-D8B8-4959-B107-A573054D2B31}.Debug|x86.ActiveCfg = Debug|x86
		{6B453665-D8B8-4959-B107-A573054D2B31}.Debug|x86.Build.0 = Debug|x86
		{6B453665-D8B8-4959-B107-A573054D2B31}.Release|Any CPU.ActiveCfg = Release|x86
		{6B453665-D8B8-4959-B107-A573054D2B31}.Release|Mixed Platforms.ActiveCfg = Release|x86
		{6B453665-D8B8-4959-B107-A573054D2B31}.Release|Mixed Platforms.Build.0 = Release|x86
		{6B453665-D8B8-4959-B107-A573054D2B31}.Release|Win32.ActiveCfg = Release|x86
		{6B453665-D8B8-4959-B107-A573054D2B31}.Release|x86.ActiveCfg = Release|x86
		{6B453665-D8B8-4959-B107-A573054D2B31}.Release|x86.Build.0 = Release|x86
		{58024A8C-5EF8-435F-9A98-E1B7B93B2055}.Debug|Any CPU.ActiveCfg = Debug|x86
		{58024A8C-5EF8-435F-9A98-E1B7B93B2055}.Debug|Mixed Platforms.ActiveCfg = Debug|x86
		{58024A8C-5EF8-435F-9A98-E1B7B93B2055}.Debug|Mixed Platforms.Build.0 = Debug|x86
		{58024A8C-5EF8-435F-9A98-E1B7B93B2055}.Debug|Win32.ActiveCfg = Debug|x86
		{58024A8C-5EF8-435F-9A98-E1B7B93B2055}.Debug|x86.ActiveCfg = Debug|x86
		{58024A8C-5EF8-435F-9A98-E1B7B93B2055}.Debug|x86.Build.0 = Debug|x86
		{58024A8C-5EF8-435F-9A98-E1B7B93B2055}.Release|Any CPU.ActiveCfg = Release|x86
		{58024A8C-5EF8-435F-9A98-E1B7B93B2055}.Release|Mixed Platforms.ActiveCfg = Release|x86
		{58024A8C-5EF8-435F-9A98-E1B7B93B2055}.Release|Mixed Platforms.Build.0 = Release|x86
		{58024A8C-5EF8-435F-9A98-E1B7B93B2055}.Release|Win32.ActiveCfg = Release|x86
		{58024A8C-5EF8-435F-9A98-E1B7B93B2055}.Release|x86.ActiveCfg = Release|x86
		{58024A8C-5EF8-435F-9A98-E1B7B93B2055}.Release|x86.Build.0 = Release|x86
		{27F138E2-3369-4DAA-A332-3C1FCE87EEB4}.Debug|Any CPU.ActiveCfg = Debug|x86
		{27F138E2-3369-4DAA-A332-3C1FCE87EEB4}.Debug|Mixed Platforms.ActiveCfg = Debug|x86
		{27F138E2-3369-4DAA-A332-3C1FCE87EEB4}.Debug|Mixed Platforms.Build.0 = Debug|x86
		{27F138E2-3369-4DAA-A332-3C1FCE87EEB4}.Debug|Win32.ActiveCfg = Debug|x86
		{27F138E2-3369-4DAA-A332-3C1FCE87EEB4}.Debug|x86.ActiveCfg = Debug|x86
		{27F138E2-3369-4DAA-A332-3C1FCE87EEB4}.Debug|x86.Build.0 = Debug|x86
		{27F138E2-3369-4DAA-A332-3C1FCE87EEB4}.Release|Any CPU.ActiveCfg = Release|x86
		{27F138E2-3369-4DAA-A332-3C1FCE87EEB4}.Release|Mixed Platforms.ActiveCfg = Release|x86
		{27F138E2-3369-4DAA-A332-3C1FCE87EEB4}.Release|Mixed Platforms.Build.0 = Release|x86
		{27F138E2-3369-4DAA-A332-3C1FCE87EEB4}.Release|Win32.ActiveCfg = Release|x86
		{27F138E2-3369-4DAA-A332-3C1FCE87EEB4}.Release|x86.ActiveCfg = Release|x86
		{27F138E2-3369-4DAA-A332-3C1FCE87EEB4}.Release|x86.Build.0 = Release|x86
		{6D18BC01-1FA9-46C5-909F-10A309E391CB}.Debug|Any CPU.ActiveCfg = Debug|x86
		{6D18BC01-1FA9-46C5-909F-10A309E391CB}.Debug|Mixed Platforms.ActiveCfg = Debug|x86
		{6D18BC01-1FA9-46C5-909F-10A309E391CB}.Debug|Mixed Platforms.Build.0 = Debug|x86
		{6D18BC01-1FA9-46C5-909F-10A309E391CB}.Debug|Win32.ActiveCfg = Debug|x86
		{6D18BC01-1FA9-46C5-909F-10A309E391CB}.Debug|x86.ActiveCfg = Debug|x86
		{6D18BC01-1FA9-46C5-909F-10A309E391CB}.Debug|x86.Build.0 = Debug|x86
		{6D18BC01-1FA9-46C5-909F-10A309E391CB}.Release|Any CPU.ActiveCfg = Release|x86
		{6D18BC01-1FA9-46C5-909F-10A309E391CB}.Release|Mixed Platforms.ActiveCfg = Release|x86
		{6D18BC01-1FA9-46C5-909F-10A309E391CB}.Release|Mixed Platforms.Build.0 = Release|x86
		{6D18BC01-1FA9-46C5-909F-10A309E391CB}.Release|Win32.ActiveCfg = Release|x86
		{6D18BC01-1FA9-46C5-909F-10A309E391CB}.Release|x86.ActiveCfg = Release|x86
		{6D18BC01-1FA9-46C5-909F-10A309E391CB}.Release|x86.Build.0 = Release|x86
		{E6AFAF8E-DEF4-422F-86D7-923AC7EEF981}.Debug|Any CPU.ActiveCfg = Debug|x86
		{E6AFAF8E-DEF4-422F-86D7-923AC7EEF981}.Debug|Mixed Platforms.ActiveCfg = Debug|x86
		{E6AFAF8E-DEF4-422F-86D7-923AC7EEF981}.Debug|Mixed Platforms.Build.0 = Debug|x86
		{E6AFAF8E-DEF4-422F-86D7-923AC7EEF981}.Debug|Win32.ActiveCfg = Debug|x86
		{E6AFAF8E-DEF4-422F-86D7-923AC7EEF981}.Debug|x86.ActiveCfg = Debug|x86
		{E6AFAF8E-DEF4-422F-86D7-923AC7EEF981}.Debug|x86.Build.0 = Debug|x86
		{E6AFAF8E-DEF4-422F-86D7-923AC7EEF981}.Release|Any CPU.ActiveCfg = Release|x86
		{E6AFAF8E-DEF4-422F-86D7-923AC7EEF981}.Release|Mixed Platforms.ActiveCfg = Release|x86
		{E6AFAF8E-DEF4-422F-86D7-923AC7EEF981}.Release|Mixed Platforms.Build.0 = Release|x86
		{E6AFAF8E-DEF4-422F-86D7-923AC7EEF981}.Release|Win32.ActiveCfg = Release|x86
		{E6AFAF8E-DEF4-422F-86D7-923AC7EEF981}.Release|x86.ActiveCfg = Release|x86
		{E6AFAF8E-DEF4-422F-86D7-923AC7EEF981}.Release|x86.Build.0 = Release|x86
	EndGlobalSection
	GlobalSection(SolutionProperties) = preSolution
		HideSolutionNode = FALSE
	EndGlobalSection
EndGlobal
